
Microsoft Visual Studio Solution File, Format Version 12.00
# Visual Studio Version 17
VisualStudioVersion = 17.8.34525.116
MinimumVisualStudioVersion = 10.0.40219.1
Project("{F184B08F-C81C-45F6-A57F-5ABD9991F28F}") = "Ch3_VBassignment_NCS", "Ch3_VBassignment_NCS.vbproj", "{A70ED7AC-6796-445A-9A63-3375F5474869}"
EndProject
Global
	GlobalSection(SolutionConfigurationPlatforms) = preSolution
		Debug|Any CPU = Debug|Any CPU
		Release|Any CPU = Release|Any CPU
	EndGlobalSection
	GlobalSection(ProjectConfigurationPlatforms) = postSolution
		{A70ED7AC-6796-445A-9A63-3375F5474869}.Debug|Any CPU.ActiveCfg = Debug|Any CPU
		{A70ED7AC-6796-445A-9A63-3375F5474869}.Debug|Any CPU.Build.0 = Debug|Any CPU
		{A70ED7AC-6796-445A-9A63-3375F5474869}.Release|Any CPU.ActiveCfg = Release|Any CPU
		{A70ED7AC-6796-445A-9A63-3375F5474869}.Release|Any CPU.Build.0 = Release|Any CPU
	EndGlobalSection
	GlobalSection(SolutionProperties) = preSolution
		HideSolutionNode = FALSE
	EndGlobalSection
	GlobalSection(ExtensibilityGlobals) = postSolution
		SolutionGuid = {18B80B45-99C6-4AA2-92E2-CB92F1128FE9}
	EndGlobalSection
EndGlobal
